Microsoft Visual Studio Solution File, Format Version 12.00
# Visual Studio Version 17
VisualStudioVersion = 17.5.2.0
MinimumVisualStudioVersion = 10.0.40219.1
Project("{2150E333-8FDC-42A3-9474-1A3956D46DE8}") = "tests", "tests", "{0AB3BF05-4346-4AA6-1389-037BE0695223}"
EndProject
Project("{FAE04EC0-301F-11D3-BF4B-00C04F79EFBC}") = "SingleFile", "tests\SingleFile.csproj", "{8F246935-BA98-FD4D-5F7A-B759BE44E53E}"
EndProject
Global
	GlobalSection(SolutionConfigurationPlatforms) = preSolution
		Debug|Any CPU = Debug|Any CPU
		Release|Any CPU = Release|Any CPU
	EndGlobalSection
	GlobalSection(ProjectConfigurationPlatforms) = postSolution
		{8F246935-BA98-FD4D-5F7A-B759BE44E53E}.Debug|Any CPU.ActiveCfg = Debug|Any CPU
		{8F246935-BA98-FD4D-5F7A-B759BE44E53E}.Debug|Any CPU.Build.0 = Debug|Any CPU
		{8F246935-BA98-FD4D-5F7A-B759BE44E53E}.Release|Any CPU.ActiveCfg = Release|Any CPU
		{8F246935-BA98-FD4D-5F7A-B759BE44E53E}.Release|Any CPU.Build.0 = Release|Any CPU
	EndGlobalSection
	GlobalSection(SolutionProperties) = preSolution
		HideSolutionNode = FALSE
	EndGlobalSection
	GlobalSection(NestedProjects) = preSolution
		{8F246935-BA98-FD4D-5F7A-B759BE44E53E} = {0AB3BF05-4346-4AA6-1389-037BE0695223}
	EndGlobalSection
	GlobalSection(ExtensibilityGlobals) = postSolution
		SolutionGuid = {D9BA5608-61A6-4126-812C-DC3300F5416A}
	EndGlobalSection
EndGlobal
